<?xml version="1.0" encoding="utf-8"?>
<Project ToolsVersion="4.0" xmlns="http://schemas.microsoft.com/developer/msbuild/2003">
  <ItemGroup>
    <Filter Include="Source Files">
      <UniqueIdentifier>{4FC737F1-C7A5-4376-A066-2A32D752A2FF}</UniqueIdentifier>
      <Extensions>cpp;c;cc;cxx;c++;cppm;ixx;def;odl;idl;hpj;bat;asm;asmx</Extensions>
    </Filter>
    <Filter Include="Header Files">
      <UniqueIdentifier>{93995380-89BD-4b04-88EB-625FBE52EBFB}</UniqueIdentifier>
      <Extensions>h;hh;hpp;hxx;h++;hm;inl;inc;ipp;xsd</Extensions>
    </Filter>
    <Filter Include="Resource Files">
      <UniqueIdentifier>{67DA6AB6-F800-4c08-8B7A-83BB121AAD01}</UniqueIdentifier>
      <Extensions>rc;ico;cur;bmp;dlg;rc2;rct;bin;rgs;gif;jpg;jpeg;jpe;resx;tiff;tif;png;wav;mfcribbon-ms</Extensions>
    </Filter>
    <Filter Include="Source Files\Utils">
      <UniqueIdentifier>{095cc3ae-abc2-4614-87b2-c3b71b1e1891}</UniqueIdentifier>
    </Filter>
    <Filter Include="Source Files\App">
      <UniqueIdentifier>{cad8e2c0-3fac-4940-bb01-593a4037bddf}</UniqueIdentifier>
    </Filter>
    <Filter Include="Source Files\WindowSystem">
      <UniqueIdentifier>{99141c9d-f198-4cf5-828e-096b442abb20}</UniqueIdentifier>
    </Filter>
    <Filter Include="Source Files\GraphicsEngine">
      <UniqueIdentifier>{76c40f31-a315-420f-8952-fde8f009b198}</UniqueIdentifier>
    </Filter>
    <Filter Include="Source Files\GraphicsEngine\SwapChain">
      <UniqueIdentifier>{5e959d78-517e-4788-8b22-dbb405a62a7d}</UniqueIdentifier>
    </Filter>
    <Filter Include="Source Files\GraphicsEngine\DeviceContext">
      <UniqueIdentifier>{0460cf9d-91f8-4746-9428-ad98d09427e4}</UniqueIdentifier>
    </Filter>
    <Filter Include="Source Files\GraphicsEngine\VertexBuffer">
      <UniqueIdentifier>{4f55a62d-32a5-4ca2-85de-946cf30bf58f}</UniqueIdentifier>
    </Filter>
    <Filter Include="Shaders">
      <UniqueIdentifier>{faf3a485-a9de-4950-b25d-bfa843516227}</UniqueIdentifier>
    </Filter>
  </ItemGroup>
  <ItemGroup>
    <ClCompile Include="main.cpp">
      <Filter>Source Files</Filter>
    </ClCompile>
    <ClCompile Include="Window.cpp">
      <Filter>Source Files\WindowSystem</Filter>
    </ClCompile>
    <ClCompile Include="Utilities.cpp">
      <Filter>Source Files\Utils</Filter>
    </ClCompile>
    <ClCompile Include="AppWindow.cpp">
      <Filter>Source Files\App</Filter>
    </ClCompile>
    <ClCompile Include="GraphicsEngine.cpp">
      <Filter>Source Files\GraphicsEngine</Filter>
    </ClCompile>
    <ClCompile Include="SwapChain.cpp">
      <Filter>Source Files\GraphicsEngine\SwapChain</Filter>
    </ClCompile>
    <ClCompile Include="DeviceContext.cpp">
      <Filter>Source Files\GraphicsEngine\DeviceContext</Filter>
    </ClCompile>
    <ClCompile Include="VertexBuffer.cpp">
      <Filter>Source Files\GraphicsEngine\VertexBuffer</Filter>
    </ClCompile>
  </ItemGroup>
  <ItemGroup>
    <ClInclude Include="Window.h">
      <Filter>Header Files</Filter>
    </ClInclude>
    <ClInclude Include="Utilities.h">
      <Filter>Header Files</Filter>
    </ClInclude>
    <ClInclude Include="AppWindow.h">
      <Filter>Header Files</Filter>
    </ClInclude>
    <ClInclude Include="GraphicsEngine.h">
      <Filter>Header Files</Filter>
    </ClInclude>
    <ClInclude Include="SwapChain.h">
      <Filter>Header Files</Filter>
    </ClInclude>
    <ClInclude Include="DeviceContext.h">
      <Filter>Header Files</Filter>
    </ClInclude>
    <ClInclude Include="VertexBuffer.h">
      <Filter>Header Files</Filter>
    </ClInclude>
  </ItemGroup>
  <ItemGroup>
    <FxCompile Include="shader.fx">
      <Filter>Shaders</Filter>
    </FxCompile>
  </ItemGroup>
</Project>