<?xml version="1.0" encoding="utf-8"?>
<Project ToolsVersion="4.0" xmlns="http://schemas.microsoft.com/developer/msbuild/2003">
  <ItemGroup>
    <Filter Include="Source Files">
      <UniqueIdentifier>{4FC737F1-C7A5-4376-A066-2A32D752A2FF}</UniqueIdentifier>
      <Extensions>cpp;c;cc;cxx;c++;cppm;ixx;def;odl;idl;hpj;bat;asm;asmx</Extensions>
    </Filter>
    <Filter Include="Resource Files">
      <UniqueIdentifier>{67DA6AB6-F800-4c08-8B7A-83BB121AAD01}</UniqueIdentifier>
      <Extensions>rc;ico;cur;bmp;dlg;rc2;rct;bin;rgs;gif;jpg;jpeg;jpe;resx;tiff;tif;png;wav;mfcribbon-ms</Extensions>
    </Filter>
    <Filter Include="Source Files\App">
      <UniqueIdentifier>{cad8e2c0-3fac-4940-bb01-593a4037bddf}</UniqueIdentifier>
    </Filter>
    <Filter Include="Shaders">
      <UniqueIdentifier>{faf3a485-a9de-4950-b25d-bfa843516227}</UniqueIdentifier>
    </Filter>
    <Filter Include="Source Files\GameEngine">
      <UniqueIdentifier>{e7527a7c-54a2-4120-aa9e-87555ec614bb}</UniqueIdentifier>
    </Filter>
    <Filter Include="Source Files\GameEngine\EngineTime">
      <UniqueIdentifier>{aa5ea8d6-772d-496a-8f5b-4cb97a608acb}</UniqueIdentifier>
    </Filter>
    <Filter Include="Source Files\GameEngine\GraphicsEngine">
      <UniqueIdentifier>{76c40f31-a315-420f-8952-fde8f009b198}</UniqueIdentifier>
    </Filter>
    <Filter Include="Source Files\GameEngine\GraphicsEngine\SwapChain">
      <UniqueIdentifier>{5e959d78-517e-4788-8b22-dbb405a62a7d}</UniqueIdentifier>
    </Filter>
    <Filter Include="Source Files\GameEngine\GraphicsEngine\DeviceContext">
      <UniqueIdentifier>{0460cf9d-91f8-4746-9428-ad98d09427e4}</UniqueIdentifier>
    </Filter>
    <Filter Include="Source Files\GameEngine\GraphicsEngine\VertexShader">
      <UniqueIdentifier>{6bb24319-f295-4d7d-a914-7a72a25b3ad7}</UniqueIdentifier>
    </Filter>
    <Filter Include="Source Files\GameEngine\GraphicsEngine\PixelShader">
      <UniqueIdentifier>{de30a86f-97a8-4d9f-8146-bd90d7b34a35}</UniqueIdentifier>
    </Filter>
    <Filter Include="Source Files\GameEngine\GraphicsEngine\Buffers">
      <UniqueIdentifier>{cb7781d3-f225-49b6-9bc7-593ddbe0407a}</UniqueIdentifier>
    </Filter>
    <Filter Include="Source Files\GameEngine\Math">
      <UniqueIdentifier>{3dc151f0-2397-4cd7-9d56-5f5c92aa8838}</UniqueIdentifier>
    </Filter>
    <Filter Include="Source Files\GameEngine\Primitives">
      <UniqueIdentifier>{653ab1c8-b8aa-458d-a97a-b4190cbaa79f}</UniqueIdentifier>
    </Filter>
    <Filter Include="Source Files\GameEngine\Utils">
      <UniqueIdentifier>{095cc3ae-abc2-4614-87b2-c3b71b1e1891}</UniqueIdentifier>
    </Filter>
    <Filter Include="Source Files\GameEngine\WindowSystem">
      <UniqueIdentifier>{99141c9d-f198-4cf5-828e-096b442abb20}</UniqueIdentifier>
    </Filter>
    <Filter Include="Source Files\GameEngine\InputSystem">
      <UniqueIdentifier>{4f8a6951-c843-44d1-9b03-838a53eecd3c}</UniqueIdentifier>
    </Filter>
    <Filter Include="imgui">
      <UniqueIdentifier>{03215824-fd55-4b49-927c-991ed6e8084a}</UniqueIdentifier>
    </Filter>
    <Filter Include="Source Files\Editor">
      <UniqueIdentifier>{48d53bd7-98e7-4a49-b40a-40da626872f1}</UniqueIdentifier>
    </Filter>
    <Filter Include="Source Files\Editor\Screens">
      <UniqueIdentifier>{7694ee19-7d48-4329-b7f7-214a23367939}</UniqueIdentifier>
    </Filter>
    <Filter Include="Source Files\Hierarchy">
      <UniqueIdentifier>{6878c15b-c50c-434e-97d3-21c925b6766e}</UniqueIdentifier>
    </Filter>
    <Filter Include="Source Files\GameEngine\ComponentSystem">
      <UniqueIdentifier>{0d174000-cd03-4a4d-b0df-4655cec249f2}</UniqueIdentifier>
    </Filter>
    <Filter Include="Source Files\GameEngine\ComponentSystem\PhysicsEngine">
      <UniqueIdentifier>{ffe26941-7b74-49f4-a1dd-36b833800554}</UniqueIdentifier>
    </Filter>
    <Filter Include="Source Files\GameEngine\ResourceManager">
      <UniqueIdentifier>{3be5c150-7539-4bde-8a82-c0a307e3cf2e}</UniqueIdentifier>
    </Filter>
    <Filter Include="Source Files\GameEngine\ResourceManager\TextureManager">
      <UniqueIdentifier>{ccb4d756-1333-4b8f-89ac-081808019bba}</UniqueIdentifier>
    </Filter>
  </ItemGroup>
  <ItemGroup>
    <ClCompile Include="Window.cpp">
      <Filter>Source Files\GameEngine\WindowSystem</Filter>
    </ClCompile>
    <ClCompile Include="Utilities.cpp">
      <Filter>Source Files\GameEngine\Utils</Filter>
    </ClCompile>
    <ClCompile Include="AppWindow.cpp">
      <Filter>Source Files\App</Filter>
    </ClCompile>
    <ClCompile Include="GraphicsEngine.cpp">
      <Filter>Source Files\GameEngine\GraphicsEngine</Filter>
    </ClCompile>
    <ClCompile Include="SwapChain.cpp">
      <Filter>Source Files\GameEngine\GraphicsEngine\SwapChain</Filter>
    </ClCompile>
    <ClCompile Include="DeviceContext.cpp">
      <Filter>Source Files\GameEngine\GraphicsEngine\DeviceContext</Filter>
    </ClCompile>
    <ClCompile Include="VertexShader.cpp">
      <Filter>Source Files\GameEngine\GraphicsEngine\VertexShader</Filter>
    </ClCompile>
    <ClCompile Include="PixelShader.cpp">
      <Filter>Source Files\GameEngine\GraphicsEngine\PixelShader</Filter>
    </ClCompile>
    <ClCompile Include="EngineTime.cpp">
      <Filter>Source Files\GameEngine\EngineTime</Filter>
    </ClCompile>
    <ClCompile Include="VertexBuffer.cpp">
      <Filter>Source Files\GameEngine\GraphicsEngine\Buffers</Filter>
    </ClCompile>
    <ClCompile Include="IndexBuffer.cpp">
      <Filter>Source Files\GameEngine\GraphicsEngine\Buffers</Filter>
    </ClCompile>
    <ClCompile Include="Matrix4x4.cpp">
      <Filter>Source Files\GameEngine\Math</Filter>
    </ClCompile>
    <ClCompile Include="Vector3D.cpp">
      <Filter>Source Files\GameEngine\Math</Filter>
    </ClCompile>
    <ClCompile Include="ConstantBuffer.cpp">
      <Filter>Source Files\GameEngine\GraphicsEngine\Buffers</Filter>
    </ClCompile>
    <ClCompile Include="main.cpp">
      <Filter>Source Files\App</Filter>
    </ClCompile>
    <ClCompile Include="AGameObject.cpp">
      <Filter>Source Files\GameEngine\Primitives</Filter>
    </ClCompile>
    <ClCompile Include="Cube.cpp">
      <Filter>Source Files\GameEngine\Primitives</Filter>
    </ClCompile>
    <ClCompile Include="MathUtils.cpp">
      <Filter>Source Files\GameEngine\Math</Filter>
    </ClCompile>
    <ClCompile Include="InputSystem.cpp">
      <Filter>Source Files\GameEngine\InputSystem</Filter>
    </ClCompile>
    <ClCompile Include="Point.cpp">
      <Filter>Source Files\GameEngine\Math</Filter>
    </ClCompile>
    <ClCompile Include="Vector4D.cpp">
      <Filter>Source Files\GameEngine\Math</Filter>
    </ClCompile>
    <ClCompile Include="Camera.cpp">
      <Filter>Source Files\GameEngine\Primitives</Filter>
    </ClCompile>
    <ClCompile Include="SceneCameraHandler.cpp">
      <Filter>Source Files\GameEngine\GraphicsEngine</Filter>
    </ClCompile>
    <ClCompile Include="imgui\imgui.cpp">
      <Filter>imgui</Filter>
    </ClCompile>
    <ClCompile Include="imgui\imgui_demo.cpp">
      <Filter>imgui</Filter>
    </ClCompile>
    <ClCompile Include="imgui\imgui_draw.cpp">
      <Filter>imgui</Filter>
    </ClCompile>
    <ClCompile Include="imgui\imgui_tables.cpp">
      <Filter>imgui</Filter>
    </ClCompile>
    <ClCompile Include="imgui\imgui_widgets.cpp">
      <Filter>imgui</Filter>
    </ClCompile>
    <ClCompile Include="imgui\backends\imgui_impl_dx11.cpp">
      <Filter>imgui</Filter>
    </ClCompile>
    <ClCompile Include="imgui\backends\imgui_impl_win32.cpp">
      <Filter>imgui</Filter>
    </ClCompile>
    <ClCompile Include="imgui\misc\cpp\imgui_stdlib.cpp">
      <Filter>imgui</Filter>
    </ClCompile>
    <ClCompile Include="AUIScreen.cpp">
      <Filter>Source Files\Editor</Filter>
    </ClCompile>
    <ClCompile Include="UIManager.cpp">
      <Filter>Source Files\Editor</Filter>
    </ClCompile>
    <ClCompile Include="HierarchyScreen.cpp">
      <Filter>Source Files\Editor\Screens</Filter>
    </ClCompile>
    <ClCompile Include="GameObjectManager.cpp">
      <Filter>Source Files\Hierarchy</Filter>
    </ClCompile>
    <ClCompile Include="Plane.cpp">
      <Filter>Source Files\GameEngine\Primitives</Filter>
    </ClCompile>
    <ClCompile Include="InspectorScreen.cpp">
      <Filter>Source Files\Editor\Screens</Filter>
    </ClCompile>
    <ClCompile Include="MenuScreen.cpp">
      <Filter>Source Files\Editor\Screens</Filter>
    </ClCompile>
    <ClCompile Include="ProfilerScreen.cpp">
      <Filter>Source Files\Editor\Screens</Filter>
    </ClCompile>
    <ClCompile Include="PhysicsSystem.cpp">
      <Filter>Source Files\GameEngine\ComponentSystem\PhysicsEngine</Filter>
    </ClCompile>
    <ClCompile Include="BaseComponentSystem.cpp">
      <Filter>Source Files\GameEngine\ComponentSystem</Filter>
    </ClCompile>
    <ClCompile Include="AComponent.cpp">
      <Filter>Source Files\GameEngine\ComponentSystem</Filter>
    </ClCompile>
    <ClCompile Include="PhysicsComponent.cpp">
      <Filter>Source Files\GameEngine\ComponentSystem\PhysicsEngine</Filter>
    </ClCompile>
    <ClCompile Include="PhysicsCube.cpp">
      <Filter>Source Files\GameEngine\Primitives</Filter>
    </ClCompile>
    <ClCompile Include="PhysicsPlane.cpp">
      <Filter>Source Files\GameEngine\Primitives</Filter>
    </ClCompile>
    <ClCompile Include="ShaderLibrary.cpp">
      <Filter>Source Files\GameEngine\GraphicsEngine</Filter>
    </ClCompile>
    <ClCompile Include="TexturedCube.cpp">
      <Filter>Source Files\GameEngine\Primitives</Filter>
    </ClCompile>
    <ClCompile Include="Vector2D.cpp">
      <Filter>Source Files\GameEngine\Math</Filter>
    </ClCompile>
    <ClCompile Include="ResourceManager.cpp">
      <Filter>Source Files\GameEngine\ResourceManager</Filter>
    </ClCompile>
    <ClCompile Include="Resource.cpp">
      <Filter>Source Files\GameEngine\ResourceManager</Filter>
    </ClCompile>
    <ClCompile Include="Texture.cpp">
      <Filter>Source Files\GameEngine\ResourceManager\TextureManager</Filter>
    </ClCompile>
    <ClCompile Include="TextureManager.cpp">
      <Filter>Source Files\GameEngine\ResourceManager\TextureManager</Filter>
    </ClCompile>
    <ClCompile Include="TexturedVertexBuffer.cpp">
      <Filter>Source Files\GameEngine\GraphicsEngine\Buffers</Filter>
    </ClCompile>
  </ItemGroup>
  <ItemGroup>
    <ClInclude Include="AppWindow.h">
      <Filter>Source Files\App</Filter>
    </ClInclude>
    <ClInclude Include="EngineTime.h">
      <Filter>Source Files\GameEngine\EngineTime</Filter>
    </ClInclude>
    <ClInclude Include="IndexBuffer.h">
      <Filter>Source Files\GameEngine\GraphicsEngine\Buffers</Filter>
    </ClInclude>
    <ClInclude Include="ConstantBuffer.h">
      <Filter>Source Files\GameEngine\GraphicsEngine\Buffers</Filter>
    </ClInclude>
    <ClInclude Include="VertexBuffer.h">
      <Filter>Source Files\GameEngine\GraphicsEngine\Buffers</Filter>
    </ClInclude>
    <ClInclude Include="Matrix4x4.h">
      <Filter>Source Files\GameEngine\Math</Filter>
    </ClInclude>
    <ClInclude Include="Vector3D.h">
      <Filter>Source Files\GameEngine\Math</Filter>
    </ClInclude>
    <ClInclude Include="SwapChain.h">
      <Filter>Source Files\GameEngine\GraphicsEngine\SwapChain</Filter>
    </ClInclude>
    <ClInclude Include="Window.h">
      <Filter>Source Files\GameEngine\WindowSystem</Filter>
    </ClInclude>
    <ClInclude Include="VertexShader.h">
      <Filter>Source Files\GameEngine\GraphicsEngine\VertexShader</Filter>
    </ClInclude>
    <ClInclude Include="PixelShader.h">
      <Filter>Source Files\GameEngine\GraphicsEngine\PixelShader</Filter>
    </ClInclude>
    <ClInclude Include="Utilities.h">
      <Filter>Source Files\GameEngine\Utils</Filter>
    </ClInclude>
    <ClInclude Include="GraphicsEngine.h">
      <Filter>Source Files\GameEngine\GraphicsEngine</Filter>
    </ClInclude>
    <ClInclude Include="DeviceContext.h">
      <Filter>Source Files\GameEngine\GraphicsEngine\DeviceContext</Filter>
    </ClInclude>
    <ClInclude Include="AGameObject.h">
      <Filter>Source Files\GameEngine\Primitives</Filter>
    </ClInclude>
    <ClInclude Include="Cube.h">
      <Filter>Source Files\GameEngine\Primitives</Filter>
    </ClInclude>
    <ClInclude Include="MathUtils.h">
      <Filter>Source Files\GameEngine\Math</Filter>
    </ClInclude>
    <ClInclude Include="InputSystem.h">
      <Filter>Source Files\GameEngine\InputSystem</Filter>
    </ClInclude>
    <ClInclude Include="InputListener.h">
      <Filter>Source Files\GameEngine\InputSystem</Filter>
    </ClInclude>
    <ClInclude Include="Point.h">
      <Filter>Source Files\GameEngine\Math</Filter>
    </ClInclude>
    <ClInclude Include="Vector4D.h">
      <Filter>Source Files\GameEngine\Math</Filter>
    </ClInclude>
    <ClInclude Include="Camera.h">
      <Filter>Source Files\GameEngine\Primitives</Filter>
    </ClInclude>
    <ClInclude Include="SceneCameraHandler.h">
      <Filter>Source Files\GameEngine\GraphicsEngine</Filter>
    </ClInclude>
    <ClInclude Include="imgui\imconfig.h">
      <Filter>imgui</Filter>
    </ClInclude>
    <ClInclude Include="imgui\imgui.h">
      <Filter>imgui</Filter>
    </ClInclude>
    <ClInclude Include="imgui\imgui_internal.h">
      <Filter>imgui</Filter>
    </ClInclude>
    <ClInclude Include="imgui\imstb_rectpack.h">
      <Filter>imgui</Filter>
    </ClInclude>
    <ClInclude Include="imgui\imstb_textedit.h">
      <Filter>imgui</Filter>
    </ClInclude>
    <ClInclude Include="imgui\imstb_truetype.h">
      <Filter>imgui</Filter>
    </ClInclude>
    <ClInclude Include="imgui\backends\imgui_impl_dx11.h">
      <Filter>imgui</Filter>
    </ClInclude>
    <ClInclude Include="imgui\backends\imgui_impl_win32.h">
      <Filter>imgui</Filter>
    </ClInclude>
    <ClInclude Include="imgui\misc\cpp\imgui_stdlib.h">
      <Filter>imgui</Filter>
    </ClInclude>
    <ClInclude Include="AUIScreen.h">
      <Filter>Source Files\Editor</Filter>
    </ClInclude>
    <ClInclude Include="UIManager.h">
      <Filter>Source Files\Editor</Filter>
    </ClInclude>
    <ClInclude Include="HierarchyScreen.h">
      <Filter>Source Files\Editor\Screens</Filter>
    </ClInclude>
    <ClInclude Include="GameObjectManager.h">
      <Filter>Source Files\Hierarchy</Filter>
    </ClInclude>
    <ClInclude Include="Plane.h">
      <Filter>Source Files\GameEngine\Primitives</Filter>
    </ClInclude>
    <ClInclude Include="InspectorScreen.h">
      <Filter>Source Files\Editor\Screens</Filter>
    </ClInclude>
    <ClInclude Include="MenuScreen.h">
      <Filter>Source Files\Editor\Screens</Filter>
    </ClInclude>
    <ClInclude Include="ProfilerScreen.h">
      <Filter>Source Files\Editor\Screens</Filter>
    </ClInclude>
    <ClInclude Include="PhysicsSystem.h">
      <Filter>Source Files\GameEngine\ComponentSystem\PhysicsEngine</Filter>
    </ClInclude>
    <ClInclude Include="BaseComponentSystem.h">
      <Filter>Source Files\GameEngine\ComponentSystem</Filter>
    </ClInclude>
    <ClInclude Include="AComponent.h">
      <Filter>Source Files\GameEngine\ComponentSystem</Filter>
    </ClInclude>
    <ClInclude Include="PhysicsComponent.h">
      <Filter>Source Files\GameEngine\ComponentSystem\PhysicsEngine</Filter>
    </ClInclude>
    <ClInclude Include="PhysicsCube.h">
      <Filter>Source Files\GameEngine\Primitives</Filter>
    </ClInclude>
    <ClInclude Include="PhysicsPlane.h">
      <Filter>Source Files\GameEngine\Primitives</Filter>
    </ClInclude>
    <ClInclude Include="ShaderLibrary.h">
      <Filter>Source Files\GameEngine\GraphicsEngine</Filter>
    </ClInclude>
    <ClInclude Include="TexturedCube.h">
      <Filter>Source Files\GameEngine\Primitives</Filter>
    </ClInclude>
    <ClInclude Include="Vector2D.h">
      <Filter>Source Files\GameEngine\Math</Filter>
    </ClInclude>
    <ClInclude Include="ResourceManager.h">
      <Filter>Source Files\GameEngine\ResourceManager</Filter>
    </ClInclude>
    <ClInclude Include="Resource.h">
      <Filter>Source Files\GameEngine\ResourceManager</Filter>
    </ClInclude>
    <ClInclude Include="Texture.h">
      <Filter>Source Files\GameEngine\ResourceManager\TextureManager</Filter>
    </ClInclude>
    <ClInclude Include="TextureManager.h">
      <Filter>Source Files\GameEngine\ResourceManager\TextureManager</Filter>
    </ClInclude>
    <ClInclude Include="TexturedVertexBuffer.h">
      <Filter>Source Files\GameEngine\GraphicsEngine\Buffers</Filter>
    </ClInclude>
  </ItemGroup>
  <ItemGroup>
    <FxCompile Include="VertexShader.hlsl">
      <Filter>Shaders</Filter>
    </FxCompile>
    <FxCompile Include="PixelShader.hlsl">
      <Filter>Shaders</Filter>
    </FxCompile>
    <FxCompile Include="TexturedPixelShader.hlsl">
      <Filter>Shaders</Filter>
    </FxCompile>
    <FxCompile Include="TexturedVertexShader.hlsl">
      <Filter>Shaders</Filter>
    </FxCompile>
  </ItemGroup>
</Project>